// !$*UTF8*$!
{
	archiveVersion = 1;
	classes = {
	};
	objectVersion = 46;
	objects = {

/* Begin PBXBuildFile section */
		F86F37931AAE1D9A008637D0 /* AppDelegate.swift in Sources */ = {isa = PBXBuildFile; fileRef = F86F37921AAE1D9A008637D0 /* AppDelegate.swift */; };
		F86F37951AAE1D9A008637D0 /* RecordSoundsViewController.swift in Sources */ = {isa = PBXBuildFile; fileRef = F86F37941AAE1D9A008637D0 /* RecordSoundsViewController.swift */; };
		F86F37981AAE1D9A008637D0 /* Main.storyboard in Resources */ = {isa = PBXBuildFile; fileRef = F86F37961AAE1D9A008637D0 /* Main.storyboard */; };
		F86F379A1AAE1D9A008637D0 /* Images.xcassets in Resources */ = {isa = PBXBuildFile; fileRef = F86F37991AAE1D9A008637D0 /* Images.xcassets */; };
		F86F379D1AAE1D9A008637D0 /* LaunchScreen.xib in Resources */ = {isa = PBXBuildFile; fileRef = F86F379B1AAE1D9A008637D0 /* LaunchScreen.xib */; };
		F86F37A91AAE1D9B008637D0 /* Pitch_PerfectTests.swift in Sources */ = {isa = PBXBuildFile; fileRef = F86F37A81AAE1D9B008637D0 /* Pitch_PerfectTests.swift */; };
		F86F37B31AAE2383008637D0 /* PlaySoundsViewController.swift in Sources */ = {isa = PBXBuildFile; fileRef = F86F37B21AAE2383008637D0 /* PlaySoundsViewController.swift */; };
		F86F37B51AAE259B008637D0 /* movie_quote.mp3 in Resources */ = {isa = PBXBuildFile; fileRef = F86F37B41AAE259B008637D0 /* movie_quote.mp3 */; };
		F86F37B91AAE3520008637D0 /* RecordedAudio.swift in Sources */ = {isa = PBXBuildFile; fileRef = F86F37B81AAE3520008637D0 /* RecordedAudio.swift */; };
/* End PBXBuildFile section */

/* Begin PBXContainerItemProxy section */
		F86F37A31AAE1D9B008637D0 /* PBXContainerItemProxy */ = {
			isa = PBXContainerItemProxy;
			containerPortal = F86F37851AAE1D9A008637D0 /* Project object */;
			proxyType = 1;
			remoteGlobalIDString = F86F378C1AAE1D9A008637D0;
			remoteInfo = "Pitch Perfect";
		};
/* End PBXContainerItemProxy section */

/* Begin PBXFileReference section */
		F86F378D1AAE1D9A008637D0 /* Pitch Perfect.app */ = {isa = PBXFileReference; explicitFileType = wrapper.application; includeInIndex = 0; path = "Pitch Perfect.app"; sourceTree = BUILT_PRODUCTS_DIR; };
		F86F37911AAE1D9A008637D0 /* Info.plist */ = {isa = PBXFileReference; lastKnownFileType = text.plist.xml; path = Info.plist; sourceTree = "<group>"; };
		F86F37921AAE1D9A008637D0 /* AppDelegate.swift */ = {isa = PBXFileReference; lastKnownFileType = sourcecode.swift; path = AppDelegate.swift; sourceTree = "<group>"; };
		F86F37941AAE1D9A008637D0 /* RecordSoundsViewController.swift */ = {isa = PBXFileReference; lastKnownFileType = sourcecode.swift; path = RecordSoundsViewController.swift; sourceTree = "<group>"; };
		F86F37971AAE1D9A008637D0 /* Base */ = {isa = PBXFileReference; lastKnownFileType = file.storyboard; name = Base; path = Base.lproj/Main.storyboard; sourceTree = "<group>"; };
		F86F37991AAE1D9A008637D0 /* Images.xcassets */ = {isa = PBXFileReference; lastKnownFileType = folder.assetcatalog; path = Images.xcassets; sourceTree = "<group>"; };
		F86F379C1AAE1D9A008637D0 /* Base */ = {isa = PBXFileReference; lastKnownFileType = file.xib; name = Base; path = Base.lproj/LaunchScreen.xib; sourceTree = "<group>"; };
		F86F37A21AAE1D9B008637D0 /* Pitch PerfectTests.xctest */ = {isa = PBXFileReference; explicitFileType = wrapper.cfbundle; includeInIndex = 0; path = "Pitch PerfectTests.xctest"; sourceTree = BUILT_PRODUCTS_DIR; };
		F86F37A71AAE1D9B008637D0 /* Info.plist */ = {isa = PBXFileReference; lastKnownFileType = text.plist.xml; path = Info.plist; sourceTree = "<group>"; };
		F86F37A81AAE1D9B008637D0 /* Pitch_PerfectTests.swift */ = {isa = PBXFileReference; lastKnownFileType = sourcecode.swift; path = Pitch_PerfectTests.swift; sourceTree = "<group>"; };
		F86F37B21AAE2383008637D0 /* PlaySoundsViewController.swift */ = {isa = PBXFileReference; fileEncoding = 4; lastKnownFileType = sourcecode.swift; path = PlaySoundsViewController.swift; sourceTree = "<group>"; };
		F86F37B41AAE259B008637D0 /* movie_quote.mp3 */ = {isa = PBXFileReference; lastKnownFileType = audio.mp3; path = movie_quote.mp3; sourceTree = "<group>"; };
		F86F37B81AAE3520008637D0 /* RecordedAudio.swift */ = {isa = PBXFileReference; fileEncoding = 4; lastKnownFileType = sourcecode.swift; name = RecordedAudio.swift; path = ../RecordedAudio.swift; sourceTree = "<group>"; };
/* End PBXFileReference section */

/* Begin PBXFrameworksBuildPhase section */
		F86F378A1AAE1D9A008637D0 /* Frameworks */ = {
			isa = PBXFrameworksBuildPhase;
			buildActionMask = 2147483647;
			files = (
			);
			runOnlyForDeploymentPostprocessing = 0;
		};
		F86F379F1AAE1D9B008637D0 /* Frameworks */ = {
			isa = PBXFrameworksBuildPhase;
			buildActionMask = 2147483647;
			files = (
			);
			runOnlyForDeploymentPostprocessing = 0;
		};
/* End PBXFrameworksBuildPhase section */

/* Begin PBXGroup section */
		F86F37841AAE1D9A008637D0 = {
			isa = PBXGroup;
			children = (
				F86F378F1AAE1D9A008637D0 /* Pitch Perfect */,
				F86F37A51AAE1D9B008637D0 /* Pitch PerfectTests */,
				F86F378E1AAE1D9A008637D0 /* Products */,
			);
			sourceTree = "<group>";
		};
		F86F378E1AAE1D9A008637D0 /* Products */ = {
			isa = PBXGroup;
			children = (
				F86F378D1AAE1D9A008637D0 /* Pitch Perfect.app */,
				F86F37A21AAE1D9B008637D0 /* Pitch PerfectTests.xctest */,
			);
			name = Products;
			sourceTree = "<group>";
		};
		F86F378F1AAE1D9A008637D0 /* Pitch Perfect */ = {
			isa = PBXGroup;
			children = (
				F86F37B81AAE3520008637D0 /* RecordedAudio.swift */,
				F86F37921AAE1D9A008637D0 /* AppDelegate.swift */,
				F86F37941AAE1D9A008637D0 /* RecordSoundsViewController.swift */,
				F86F37B21AAE2383008637D0 /* PlaySoundsViewController.swift */,
				F86F37961AAE1D9A008637D0 /* Main.storyboard */,
				F86F37991AAE1D9A008637D0 /* Images.xcassets */,
				F86F379B1AAE1D9A008637D0 /* LaunchScreen.xib */,
				F86F37901AAE1D9A008637D0 /* Supporting Files */,
			);
			path = "Pitch Perfect";
			sourceTree = "<group>";
		};
		F86F37901AAE1D9A008637D0 /* Supporting Files */ = {
			isa = PBXGroup;
			children = (
				F86F37B41AAE259B008637D0 /* movie_quote.mp3 */,
				F86F37911AAE1D9A008637D0 /* Info.plist */,
			);
			name = "Supporting Files";
			sourceTree = "<group>";
		};
		F86F37A51AAE1D9B008637D0 /* Pitch PerfectTests */ = {
			isa = PBXGroup;
			children = (
				F86F37A81AAE1D9B008637D0 /* Pitch_PerfectTests.swift */,
				F86F37A61AAE1D9B008637D0 /* Supporting Files */,
			);
			path = "Pitch PerfectTests";
			sourceTree = "<group>";
		};
		F86F37A61AAE1D9B008637D0 /* Supporting Files */ = {
			isa = PBXGroup;
			children = (
				F86F37A71AAE1D9B008637D0 /* Info.plist */,
			);
			name = "Supporting Files";
			sourceTree = "<group>";
		};
/* End PBXGroup section */

/* Begin PBXNativeTarget section */
		F86F378C1AAE1D9A008637D0 /* Pitch Perfect */ = {
			isa = PBXNativeTarget;
			buildConfigurationList = F86F37AC1AAE1D9B008637D0 /* Build configuration list for PBXNativeTarget "Pitch Perfect" */;
			buildPhases = (
				F86F37891AAE1D9A008637D0 /* Sources */,
				F86F378A1AAE1D9A008637D0 /* Frameworks */,
				F86F378B1AAE1D9A008637D0 /* Resources */,
			);
			buildRules = (
			);
			dependencies = (
			);
			name = "Pitch Perfect";
			productName = "Pitch Perfect";
			productReference = F86F378D1AAE1D9A008637D0 /* Pitch Perfect.app */;
			productType = "com.apple.product-type.application";
		};
		F86F37A11AAE1D9B008637D0 /* Pitch PerfectTests */ = {
			isa = PBXNativeTarget;
			buildConfigurationList = F86F37AF1AAE1D9B008637D0 /* Build configuration list for PBXNativeTarget "Pitch PerfectTests" */;
			buildPhases = (
				F86F379E1AAE1D9B008637D0 /* Sources */,
				F86F379F1AAE1D9B008637D0 /* Frameworks */,
				F86F37A01AAE1D9B008637D0 /* Resources */,
			);
			buildRules = (
			);
			dependencies = (
				F86F37A41AAE1D9B008637D0 /* PBXTargetDependency */,
			);
			name = "Pitch PerfectTests";
			productName = "Pitch PerfectTests";
			productReference = F86F37A21AAE1D9B008637D0 /* Pitch PerfectTests.xctest */;
			productType = "com.apple.product-type.bundle.unit-test";
		};
/* End PBXNativeTarget section */

/* Begin PBXProject section */
		F86F37851AAE1D9A008637D0 /* Project object */ = {
			isa = PBXProject;
			attributes = {
				LastUpgradeCheck = 0610;
				ORGANIZATIONNAME = "Saurabh Sikka";
				TargetAttributes = {
					F86F378C1AAE1D9A008637D0 = {
						CreatedOnToolsVersion = 6.1.1;
					};
					F86F37A11AAE1D9B008637D0 = {
						CreatedOnToolsVersion = 6.1.1;
						TestTargetID = F86F378C1AAE1D9A008637D0;
					};
				};
			};
			buildConfigurationList = F86F37881AAE1D9A008637D0 /* Build configuration list for PBXProject "Pitch Perfect" */;
			compatibilityVersion = "Xcode 3.2";
			developmentRegion = English;
			hasScannedForEncodings = 0;
			knownRegions = (
				en,
				Base,
			);
			mainGroup = F86F37841AAE1D9A008637D0;
			productRefGroup = F86F378E1AAE1D9A008637D0 /* Products */;
			projectDirPath = "";
			projectRoot = "";
			targets = (
				F86F378C1AAE1D9A008637D0 /* Pitch Perfect */,
				F86F37A11AAE1D9B008637D0 /* Pitch PerfectTests */,
			);
		};
/* End PBXProject section */

/* Begin PBXResourcesBuildPhase section */
		F86F378B1AAE1D9A008637D0 /* Resources */ = {
			isa = PBXResourcesBuildPhase;
			buildActionMask = 2147483647;
			files = (
				F86F37981AAE1D9A008637D0 /* Main.storyboard in Resources */,
				F86F379D1AAE1D9A008637D0 /* LaunchScreen.xib in Resources */,
				F86F37B51AAE259B008637D0 /* movie_quote.mp3 in Resources */,
				F86F379A1AAE1D9A008637D0 /* Images.xcassets in Resources */,
			);
			runOnlyForDeploymentPostprocessing = 0;
		};
		F86F37A01AAE1D9B008637D0 /* Resources */ = {
			isa = PBXResourcesBuildPhase;
			buildActionMask = 2147483647;
			files = (
			);
			runOnlyForDeploymentPostprocessing = 0;
		};
/* End PBXResourcesBuildPhase section */

/* Begin PBXSourcesBuildPhase section */
		F86F37891AAE1D9A008637D0 /* Sources */ = {
			isa = PBXSourcesBuildPhase;
			buildActionMask = 2147483647;
			files = (
				F86F37B91AAE3520008637D0 /* RecordedAudio.swift in Sources */,
				F86F37951AAE1D9A008637D0 /* RecordSoundsViewController.swift in Sources */,
				F86F37B31AAE2383008637D0 /* PlaySoundsViewController.swift in Sources */,
				F86F37931AAE1D9A008637D0 /* AppDelegate.swift in Sources */,
			);
			runOnlyForDeploymentPostprocessing = 0;
		};
		F86F379E1AAE1D9B008637D0 /* Sources */ = {
			isa = PBXSourcesBuildPhase;
			buildActionMask = 2147483647;
			files = (
				F86F37A91AAE1D9B008637D0 /* Pitch_PerfectTests.swift in Sources */,
			);
			runOnlyForDeploymentPostprocessing = 0;
		};
/* End PBXSourcesBuildPhase section */

/* Begin PBXTargetDependency section */
		F86F37A41AAE1D9B008637D0 /* PBXTargetDependency */ = {
			isa = PBXTargetDependency;
			target = F86F378C1AAE1D9A008637D0 /* Pitch Perfect */;
			targetProxy = F86F37A31AAE1D9B008637D0 /* PBXContainerItemProxy */;
		};
/* End PBXTargetDependency section */

/* Begin PBXVariantGroup section */
		F86F37961AAE1D9A008637D0 /* Main.storyboard */ = {
			isa = PBXVariantGroup;
			children = (
				F86F37971AAE1D9A008637D0 /* Base */,
			);
			name = Main.storyboard;
			sourceTree = "<group>";
		};
		F86F379B1AAE1D9A008637D0 /* LaunchScreen.xib */ = {
			isa = PBXVariantGroup;
			children = (
				F86F379C1AAE1D9A008637D0 /* Base */,
			);
			name = LaunchScreen.xib;
			sourceTree = "<group>";
		};
/* End PBXVariantGroup section */

/* Begin XCBuildConfiguration section */
		F86F37AA1AAE1D9B008637D0 /* Debug */ = {
			isa = XCBuildConfiguration;
			buildSettings = {
				ALWAYS_SEARCH_USER_PATHS = NO;
				CLANG_CXX_LANGUAGE_STANDARD = "gnu++0x";
				CLANG_CXX_LIBRARY = "libc++";
				CLANG_ENABLE_MODULES = YES;
				CLANG_ENABLE_OBJC_ARC = YES;
				CLANG_WARN_BOOL_CONVERSION = YES;
				CLANG_WARN_CONSTANT_CONVERSION = YES;
				CLANG_WARN_DIRECT_OBJC_ISA_USAGE = YES_ERROR;
				CLANG_WARN_EMPTY_BODY = YES;
				CLANG_WARN_ENUM_CONVERSION = YES;
				CLANG_WARN_INT_CONVERSION = YES;
				CLANG_WARN_OBJC_ROOT_CLASS = YES_ERROR;
				CLANG_WARN_UNREACHABLE_CODE = YES;
				CLANG_WARN__DUPLICATE_METHOD_MATCH = YES;
				"CODE_SIGN_IDENTITY[sdk=iphoneos*]" = "iPhone Developer";
				COPY_PHASE_STRIP = NO;
				ENABLE_STRICT_OBJC_MSGSEND = YES;
				GCC_C_LANGUAGE_STANDARD = gnu99;
				GCC_DYNAMIC_NO_PIC = NO;
				GCC_OPTIMIZATION_LEVEL = 0;
				GCC_PREPROCESSOR_DEFINITIONS = (
					"DEBUG=1",
					"$(inherited)",
				);
				GCC_SYMBOLS_PRIVATE_EXTERN = NO;
				GCC_WARN_64_TO_32_BIT_CONVERSION = YES;
				GCC_WARN_ABOUT_RETURN_TYPE = YES_ERROR;
				GCC_WARN_UNDECLARED_SELECTOR = YES;
				GCC_WARN_UNINITIALIZED_AUTOS = YES_AGGRESSIVE;
				GCC_WARN_UNUSED_FUNCTION = YES;
				GCC_WARN_UNUSED_VARIABLE = YES;
				IPHONEOS_DEPLOYMENT_TARGET = 8.1;
				MTL_ENABLE_DEBUG_INFO = YES;
				ONLY_ACTIVE_ARCH = YES;
				SDKROOT = iphoneos;
				SWIFT_OPTIMIZATION_LEVEL = "-Onone";
			};
			name = Debug;
		};
		F86F37AB1AAE1D9B008637D0 /* Release */ = {
			isa = XCBuildConfiguration;
			buildSettings = {
				ALWAYS_SEARCH_USER_PATHS = NO;
				CLANG_CXX_LANGUAGE_STANDARD = "gnu++0x";
				CLANG_CXX_LIBRARY = "libc++";
				CLANG_ENABLE_MODULES = YES;
				CLANG_ENABLE_OBJC_ARC = YES;
				CLANG_WARN_BOOL_CONVERSION = YES;
				CLANG_WARN_CONSTANT_CONVERSION = YES;
				CLANG_WARN_DIRECT_OBJC_ISA_USAGE = YES_ERROR;
				CLANG_WARN_EMPTY_BODY = YES;
				CLANG_WARN_ENUM_CONVERSION = YES;
				CLANG_WARN_INT_CONVERSION = YES;
				CLANG_WARN_OBJC_ROOT_CLASS = YES_ERROR;
				CLANG_WARN_UNREACHABLE_CODE = YES;
				CLANG_WARN__DUPLICATE_METHOD_MATCH = YES;
				"CODE_SIGN_IDENTITY[sdk=iphoneos*]" = "iPhone Developer";
				COPY_PHASE_STRIP = YES;
				ENABLE_NS_ASSERTIONS = NO;
				ENABLE_STRICT_OBJC_MSGSEND = YES;
				GCC_C_LANGUAGE_STANDARD = gnu99;
				GCC_WARN_64_TO_32_BIT_CONVERSION = YES;
				GCC_WARN_ABOUT_RETURN_TYPE = YES_ERROR;
				GCC_WARN_UNDECLARED_SELECTOR = YES;
				GCC_WARN_UNINITIALIZED_AUTOS = YES_AGGRESSIVE;
				GCC_WARN_UNUSED_FUNCTION = YES;
				GCC_WARN_UNUSED_VARIABLE = YES;
				IPHONEOS_DEPLOYMENT_TARGET = 8.1;
				MTL_ENABLE_DEBUG_INFO = NO;
				SDKROOT = iphoneos;
				VALIDATE_PRODUCT = YES;
			};
			name = Release;
		};
		F86F37AD1AAE1D9B008637D0 /* Debug */ = {
			isa = XCBuildConfiguration;
			buildSettings = {
				ASSETCATALOG_COMPILER_APPICON_NAME = AppIcon;
				INFOPLIST_FILE = "Pitch Perfect/Info.plist";
				LD_RUNPATH_SEARCH_PATHS = "$(inherited) @executable_path/Frameworks";
				PRODUCT_NAME = "$(TARGET_NAME)";
			};
			name = Debug;
		};
		F86F37AE1AAE1D9B008637D0 /* Release */ = {
			isa = XCBuildConfiguration;
			buildSettings = {
				ASSETCATALOG_COMPILER_APPICON_NAME = AppIcon;
				INFOPLIST_FILE = "Pitch Perfect/Info.plist";
				LD_RUNPATH_SEARCH_PATHS = "$(inherited) @executable_path/Frameworks";
				PRODUCT_NAME = "$(TARGET_NAME)";
			};
			name = Release;
		};
		F86F37B01AAE1D9B008637D0 /* Debug */ = {
			isa = XCBuildConfiguration;
			buildSettings = {
				BUNDLE_LOADER = "$(TEST_HOST)";
				FRAMEWORK_SEARCH_PATHS = (
					"$(SDKROOT)/Developer/Library/Frameworks",
					"$(inherited)",
				);
				GCC_PREPROCESSOR_DEFINITIONS = (
					"DEBUG=1",
					"$(inherited)",
				);
				INFOPLIST_FILE = "Pitch PerfectTests/Info.plist";
				LD_RUNPATH_SEARCH_PATHS = "$(inherited) @executable_path/Frameworks @loader_path/Frameworks";
				PRODUCT_NAME = "$(TARGET_NAME)";
				TEST_HOST = "$(BUILT_PRODUCTS_DIR)/Pitch Perfect.app/Pitch Perfect";
			};
			name = Debug;
		};
		F86F37B11AAE1D9B008637D0 /* Release */ = {
			isa = XCBuildConfiguration;
			buildSettings = {
				BUNDLE_LOADER = "$(TEST_HOST)";
				FRAMEWORK_SEARCH_PATHS = (
					"$(SDKROOT)/Developer/Library/Frameworks",
					"$(inherited)",
				);
				INFOPLIST_FILE = "Pitch PerfectTests/Info.plist";
				LD_RUNPATH_SEARCH_PATHS = "$(inherited) @executable_path/Frameworks @loader_path/Frameworks";
				PRODUCT_NAME = "$(TARGET_NAME)";
				TEST_HOST = "$(BUILT_PRODUCTS_DIR)/Pitch Perfect.app/Pitch Perfect";
			};
			name = Release;
		};
/* End XCBuildConfiguration section */

/* Begin XCConfigurationList section */
		F86F37881AAE1D9A008637D0 /* Build configuration list for PBXProject "Pitch Perfect" */ = {
			isa = XCConfigurationList;
			buildConfigurations = (
				F86F37AA1AAE1D9B008637D0 /* Debug */,
				F86F37AB1AAE1D9B008637D0 /* Release */,
			);
			defaultConfigurationIsVisible = 0;
			defaultConfigurationName = Release;
		};
		F86F37AC1AAE1D9B008637D0 /* Build configuration list for PBXNativeTarget "Pitch Perfect" */ = {
			isa = XCConfigurationList;
			buildConfigurations = (
				F86F37AD1AAE1D9B008637D0 /* Debug */,
				F86F37AE1AAE1D9B008637D0 /* Release */,
			);
			defaultConfigurationIsVisible = 0;
			defaultConfigurationName = Release;
		};
		F86F37AF1AAE1D9B008637D0 /* Build configuration list for PBXNativeTarget "Pitch PerfectTests" */ = {
			isa = XCConfigurationList;
			buildConfigurations = (
				F86F37B01AAE1D9B008637D0 /* Debug */,
				F86F37B11AAE1D9B008637D0 /* Release */,
			);
			defaultConfigurationIsVisible = 0;
			defaultConfigurationName = Release;
		};
/* End XCConfigurationList section */
	};
	rootObject = F86F37851AAE1D9A008637D0 /* Project object */;
}
